schema_version = 1
box_name = "runbox"
account_name = "_runbox_8712c018"
runbox_version = "0.1.0"
created_at = "1787650074"
locked_at = "1788826327"
lifecycle = "Persistent"
interactive = true
config_hash = "25b89b82eedc9843ce48ce69cbd2a712ed9345d13ffe5cd7844956c544fde346"
setup_assets_hash = "e3b0c44298fc1c149afbf4c8996fb92427ae41e4649b934ca495991b7852b855"
